// !$*UTF8*$!
{
	archiveVersion = 1;
	classes = {
	};
	objectVersion = 50;
	objects = {

/* Begin PBXBuildFile section */
		5A8231EC212C91CF001F22BB /* AppDelegate.swift in Sources */ = {isa = PBXBuildFile; fileRef = 5A8231EB212C91CF001F22BB /* AppDelegate.swift */; };
		5A8231EE212C91CF001F22BB /* ViewController.swift in Sources */ = {isa = PBXBuildFile; fileRef = 5A8231ED212C91CF001F22BB /* ViewController.swift */; };
		5A8231F1212C91CF001F22BB /* Main.storyboard in Resources */ = {isa = PBXBuildFile; fileRef = 5A8231EF212C91CF001F22BB /* Main.storyboard */; };
		5A8231F3212C91D0001F22BB /* Assets.xcassets in Resources */ = {isa = PBXBuildFile; fileRef = 5A8231F2212C91D0001F22BB /* Assets.xcassets */; };
		5A8231F6212C91D0001F22BB /* LaunchScreen.storyboard in Resources */ = {isa = PBXBuildFile; fileRef = 5A8231F4212C91D0001F22BB /* LaunchScreen.storyboard */; };
		5A823201212C91D0001F22BB /* InstagramTests.swift in Sources */ = {isa = PBXBuildFile; fileRef = 5A823200212C91D0001F22BB /* InstagramTests.swift */; };
		5A82320C212C91D0001F22BB /* InstagramUITests.swift in Sources */ = {isa = PBXBuildFile; fileRef = 5A82320B212C91D0001F22BB /* InstagramUITests.swift */; };
		5A82321C212CED8D001F22BB /* LoginViewController.swift in Sources */ = {isa = PBXBuildFile; fileRef = 5A82321B212CED8D001F22BB /* LoginViewController.swift */; };
		691E6F098FD28F8D845D0C15 /* Pods_Instagram.framework in Frameworks */ = {isa = PBXBuildFile; fileRef = 38047C1244366F6040679533 /* Pods_Instagram.framework */; };
		6BDEF4A378C8DEAC5BF0667E /* Pods_InstagramUITests.framework in Frameworks */ = {isa = PBXBuildFile; fileRef = 28CACC159814F0CCB4A4EC71 /* Pods_InstagramUITests.framework */; };
		925A884C43483F3E880567CD /* Pods_InstagramTests.framework in Frameworks */ = {isa = PBXBuildFile; fileRef = 75B0BF39A94E8E78D76BC814 /* Pods_InstagramTests.framework */; };
/* End PBXBuildFile section */

/* Begin PBXContainerItemProxy section */
		5A8231FD212C91D0001F22BB /* PBXContainerItemProxy */ = {
			isa = PBXContainerItemProxy;
			containerPortal = 5A8231E0212C91CF001F22BB /* Project object */;
			proxyType = 1;
			remoteGlobalIDString = 5A8231E7212C91CF001F22BB;
			remoteInfo = Instagram;
		};
		5A823208212C91D0001F22BB /* PBXContainerItemProxy */ = {
			isa = PBXContainerItemProxy;
			containerPortal = 5A8231E0212C91CF001F22BB /* Project object */;
			proxyType = 1;
			remoteGlobalIDString = 5A8231E7212C91CF001F22BB;
			remoteInfo = Instagram;
		};
/* End PBXContainerItemProxy section */

/* Begin PBXFileReference section */
		02BDF638DDAAE5034ADA071F /* Pods-InstagramTests.debug.xcconfig */ = {isa = PBXFileReference; includeInIndex = 1; lastKnownFileType = text.xcconfig; name = "Pods-InstagramTests.debug.xcconfig"; path = "Pods/Target Support Files/Pods-InstagramTests/Pods-InstagramTests.debug.xcconfig"; sourceTree = "<group>"; };
		0C59C5818B3B6E47A9746CA7 /* Pods-Instagram.debug.xcconfig */ = {isa = PBXFileReference; includeInIndex = 1; lastKnownFileType = text.xcconfig; name = "Pods-Instagram.debug.xcconfig"; path = "Pods/Target Support Files/Pods-Instagram/Pods-Instagram.debug.xcconfig"; sourceTree = "<group>"; };
		28CACC159814F0CCB4A4EC71 /* Pods_InstagramUITests.framework */ = {isa = PBXFileReference; explicitFileType = wrapper.framework; includeInIndex = 0; path = Pods_InstagramUITests.framework; sourceTree = BUILT_PRODUCTS_DIR; };
		38047C1244366F6040679533 /* Pods_Instagram.framework */ = {isa = PBXFileReference; explicitFileType = wrapper.framework; includeInIndex = 0; path = Pods_Instagram.framework; sourceTree = BUILT_PRODUCTS_DIR; };
		5A8231E8212C91CF001F22BB /* Instagram.app */ = {isa = PBXFileReference; explicitFileType = wrapper.application; includeInIndex = 0; path = Instagram.app; sourceTree = BUILT_PRODUCTS_DIR; };
		5A8231EB212C91CF001F22BB /* AppDelegate.swift */ = {isa = PBXFileReference; lastKnownFileType = sourcecode.swift; path = AppDelegate.swift; sourceTree = "<group>"; };
		5A8231ED212C91CF001F22BB /* ViewController.swift */ = {isa = PBXFileReference; lastKnownFileType = sourcecode.swift; path = ViewController.swift; sourceTree = "<group>"; };
		5A8231F0212C91CF001F22BB /* Base */ = {isa = PBXFileReference; lastKnownFileType = file.storyboard; name = Base; path = Base.lproj/Main.storyboard; sourceTree = "<group>"; };
		5A8231F2212C91D0001F22BB /* Assets.xcassets */ = {isa = PBXFileReference; lastKnownFileType = folder.assetcatalog; path = Assets.xcassets; sourceTree = "<group>"; };
		5A8231F5212C91D0001F22BB /* Base */ = {isa = PBXFileReference; lastKnownFileType = file.storyboard; name = Base; path = Base.lproj/LaunchScreen.storyboard; sourceTree = "<group>"; };
		5A8231F7212C91D0001F22BB /* Info.plist */ = {isa = PBXFileReference; lastKnownFileType = text.plist.xml; path = Info.plist; sourceTree = "<group>"; };
		5A8231FC212C91D0001F22BB /* InstagramTests.xctest */ = {isa = PBXFileReference; explicitFileType = wrapper.cfbundle; includeInIndex = 0; path = InstagramTests.xctest; sourceTree = BUILT_PRODUCTS_DIR; };
		5A823200212C91D0001F22BB /* InstagramTests.swift */ = {isa = PBXFileReference; lastKnownFileType = sourcecode.swift; path = InstagramTests.swift; sourceTree = "<group>"; };
		5A823202212C91D0001F22BB /* Info.plist */ = {isa = PBXFileReference; lastKnownFileType = text.plist.xml; path = Info.plist; sourceTree = "<group>"; };
		5A823207212C91D0001F22BB /* InstagramUITests.xctest */ = {isa = PBXFileReference; explicitFileType = wrapper.cfbundle; includeInIndex = 0; path = InstagramUITests.xctest; sourceTree = BUILT_PRODUCTS_DIR; };
		5A82320B212C91D0001F22BB /* InstagramUITests.swift */ = {isa = PBXFileReference; lastKnownFileType = sourcecode.swift; path = InstagramUITests.swift; sourceTree = "<group>"; };
		5A82320D212C91D0001F22BB /* Info.plist */ = {isa = PBXFileReference; lastKnownFileType = text.plist.xml; path = Info.plist; sourceTree = "<group>"; };
		5A82321B212CED8D001F22BB /* LoginViewController.swift */ = {isa = PBXFileReference; lastKnownFileType = sourcecode.swift; path = LoginViewController.swift; sourceTree = "<group>"; };
		5B12684CA27A3FA8145C9005 /* Pods-Instagram.release.xcconfig */ = {isa = PBXFileReference; includeInIndex = 1; lastKnownFileType = text.xcconfig; name = "Pods-Instagram.release.xcconfig"; path = "Pods/Target Support Files/Pods-Instagram/Pods-Instagram.release.xcconfig"; sourceTree = "<group>"; };
		6FC95E1AEC5C0CA791366EDD /* Pods-InstagramUITests.release.xcconfig */ = {isa = PBXFileReference; includeInIndex = 1; lastKnownFileType = text.xcconfig; name = "Pods-InstagramUITests.release.xcconfig"; path = "Pods/Target Support Files/Pods-InstagramUITests/Pods-InstagramUITests.release.xcconfig"; sourceTree = "<group>"; };
		75B0BF39A94E8E78D76BC814 /* Pods_InstagramTests.framework */ = {isa = PBXFileReference; explicitFileType = wrapper.framework; includeInIndex = 0; path = Pods_InstagramTests.framework; sourceTree = BUILT_PRODUCTS_DIR; };
		A1AD4AE558AE93810CC1D417 /* Pods-InstagramTests.release.xcconfig */ = {isa = PBXFileReference; includeInIndex = 1; lastKnownFileType = text.xcconfig; name = "Pods-InstagramTests.release.xcconfig"; path = "Pods/Target Support Files/Pods-InstagramTests/Pods-InstagramTests.release.xcconfig"; sourceTree = "<group>"; };
		A6E59025B67F28EBA3B86F6F /* Pods-InstagramUITests.debug.xcconfig */ = {isa = PBXFileReference; includeInIndex = 1; lastKnownFileType = text.xcconfig; name = "Pods-InstagramUITests.debug.xcconfig"; path = "Pods/Target Support Files/Pods-InstagramUITests/Pods-InstagramUITests.debug.xcconfig"; sourceTree = "<group>"; };
/* End PBXFileReference section */

/* Begin PBXFrameworksBuildPhase section */
		5A8231E5212C91CF001F22BB /* Frameworks */ = {
			isa = PBXFrameworksBuildPhase;
			buildActionMask = 2147483647;
			files = (
				691E6F098FD28F8D845D0C15 /* Pods_Instagram.framework in Frameworks */,
			);
			runOnlyForDeploymentPostprocessing = 0;
		};
		5A8231F9212C91D0001F22BB /* Frameworks */ = {
			isa = PBXFrameworksBuildPhase;
			buildActionMask = 2147483647;
			files = (
				925A884C43483F3E880567CD /* Pods_InstagramTests.framework in Frameworks */,
			);
			runOnlyForDeploymentPostprocessing = 0;
		};
		5A823204212C91D0001F22BB /* Frameworks */ = {
			isa = PBXFrameworksBuildPhase;
			buildActionMask = 2147483647;
			files = (
				6BDEF4A378C8DEAC5BF0667E /* Pods_InstagramUITests.framework in Frameworks */,
			);
			runOnlyForDeploymentPostprocessing = 0;
		};
/* End PBXFrameworksBuildPhase section */

/* Begin PBXGroup section */
		39CE2D9EE9E0FC58B7290204 /* Pods */ = {
			isa = PBXGroup;
			children = (
				0C59C5818B3B6E47A9746CA7 /* Pods-Instagram.debug.xcconfig */,
				5B12684CA27A3FA8145C9005 /* Pods-Instagram.release.xcconfig */,
				02BDF638DDAAE5034ADA071F /* Pods-InstagramTests.debug.xcconfig */,
				A1AD4AE558AE93810CC1D417 /* Pods-InstagramTests.release.xcconfig */,
				A6E59025B67F28EBA3B86F6F /* Pods-InstagramUITests.debug.xcconfig */,
				6FC95E1AEC5C0CA791366EDD /* Pods-InstagramUITests.release.xcconfig */,
			);
			name = Pods;
			sourceTree = "<group>";
		};
		446910C8A05A6B71CAD63848 /* Frameworks */ = {
			isa = PBXGroup;
			children = (
				38047C1244366F6040679533 /* Pods_Instagram.framework */,
				75B0BF39A94E8E78D76BC814 /* Pods_InstagramTests.framework */,
				28CACC159814F0CCB4A4EC71 /* Pods_InstagramUITests.framework */,
			);
			name = Frameworks;
			sourceTree = "<group>";
		};
		5A8231DF212C91CF001F22BB = {
			isa = PBXGroup;
			children = (
				5A8231EA212C91CF001F22BB /* Instagram */,
				5A8231FF212C91D0001F22BB /* InstagramTests */,
				5A82320A212C91D0001F22BB /* InstagramUITests */,
				5A8231E9212C91CF001F22BB /* Products */,
				39CE2D9EE9E0FC58B7290204 /* Pods */,
				446910C8A05A6B71CAD63848 /* Frameworks */,
			);
			sourceTree = "<group>";
		};
		5A8231E9212C91CF001F22BB /* Products */ = {
			isa = PBXGroup;
			children = (
				5A8231E8212C91CF001F22BB /* Instagram.app */,
				5A8231FC212C91D0001F22BB /* InstagramTests.xctest */,
				5A823207212C91D0001F22BB /* InstagramUITests.xctest */,
			);
			name = Products;
			sourceTree = "<group>";
		};
		5A8231EA212C91CF001F22BB /* Instagram */ = {
			isa = PBXGroup;
			children = (
				5A8231EB212C91CF001F22BB /* AppDelegate.swift */,
				5A8231ED212C91CF001F22BB /* ViewController.swift */,
				5A8231EF212C91CF001F22BB /* Main.storyboard */,
				5A8231F2212C91D0001F22BB /* Assets.xcassets */,
				5A8231F4212C91D0001F22BB /* LaunchScreen.storyboard */,
				5A8231F7212C91D0001F22BB /* Info.plist */,
				5A82321B212CED8D001F22BB /* LoginViewController.swift */,
			);
			path = Instagram;
			sourceTree = "<group>";
		};
		5A8231FF212C91D0001F22BB /* InstagramTests */ = {
			isa = PBXGroup;
			children = (
				5A823200212C91D0001F22BB /* InstagramTests.swift */,
				5A823202212C91D0001F22BB /* Info.plist */,
			);
			path = InstagramTests;
			sourceTree = "<group>";
		};
		5A82320A212C91D0001F22BB /* InstagramUITests */ = {
			isa = PBXGroup;
			children = (
				5A82320B212C91D0001F22BB /* InstagramUITests.swift */,
				5A82320D212C91D0001F22BB /* Info.plist */,
			);
			path = InstagramUITests;
			sourceTree = "<group>";
		};
/* End PBXGroup section */

/* Begin PBXNativeTarget section */
		5A8231E7212C91CF001F22BB /* Instagram */ = {
			isa = PBXNativeTarget;
			buildConfigurationList = 5A823210212C91D0001F22BB /* Build configuration list for PBXNativeTarget "Instagram" */;
			buildPhases = (
				711695AA2A9D75CAC5407EC5 /* [CP] Check Pods Manifest.lock */,
				5A8231E4212C91CF001F22BB /* Sources */,
				5A8231E5212C91CF001F22BB /* Frameworks */,
				5A8231E6212C91CF001F22BB /* Resources */,
				D3C00D7649B81BFC373A7383 /* [CP] Embed Pods Frameworks */,
			);
			buildRules = (
			);
			dependencies = (
			);
			name = Instagram;
			productName = Instagram;
			productReference = 5A8231E8212C91CF001F22BB /* Instagram.app */;
			productType = "com.apple.product-type.application";
		};
		5A8231FB212C91D0001F22BB /* InstagramTests */ = {
			isa = PBXNativeTarget;
			buildConfigurationList = 5A823213212C91D0001F22BB /* Build configuration list for PBXNativeTarget "InstagramTests" */;
			buildPhases = (
				E2472D0E21BF9A7471F8D949 /* [CP] Check Pods Manifest.lock */,
				5A8231F8212C91D0001F22BB /* Sources */,
				5A8231F9212C91D0001F22BB /* Frameworks */,
				5A8231FA212C91D0001F22BB /* Resources */,
			);
			buildRules = (
			);
			dependencies = (
				5A8231FE212C91D0001F22BB /* PBXTargetDependency */,
			);
			name = InstagramTests;
			productName = InstagramTests;
			productReference = 5A8231FC212C91D0001F22BB /* InstagramTests.xctest */;
			productType = "com.apple.product-type.bundle.unit-test";
		};
		5A823206212C91D0001F22BB /* InstagramUITests */ = {
			isa = PBXNativeTarget;
			buildConfigurationList = 5A823216212C91D0001F22BB /* Build configuration list for PBXNativeTarget "InstagramUITests" */;
			buildPhases = (
				AF4EBEBDCFECB3C9B6602E21 /* [CP] Check Pods Manifest.lock */,
				5A823203212C91D0001F22BB /* Sources */,
				5A823204212C91D0001F22BB /* Frameworks */,
				5A823205212C91D0001F22BB /* Resources */,
			);
			buildRules = (
			);
			dependencies = (
				5A823209212C91D0001F22BB /* PBXTargetDependency */,
			);
			name = InstagramUITests;
			productName = InstagramUITests;
			productReference = 5A823207212C91D0001F22BB /* InstagramUITests.xctest */;
			productType = "com.apple.product-type.bundle.ui-testing";
		};
/* End PBXNativeTarget section */

/* Begin PBXProject section */
		5A8231E0212C91CF001F22BB /* Project object */ = {
			isa = PBXProject;
			attributes = {
				LastSwiftUpdateCheck = 0940;
				LastUpgradeCheck = 0940;
				ORGANIZATIONNAME = CodePath;
				TargetAttributes = {
					5A8231E7212C91CF001F22BB = {
						CreatedOnToolsVersion = 9.4.1;
					};
					5A8231FB212C91D0001F22BB = {
						CreatedOnToolsVersion = 9.4.1;
						TestTargetID = 5A8231E7212C91CF001F22BB;
					};
					5A823206212C91D0001F22BB = {
						CreatedOnToolsVersion = 9.4.1;
						TestTargetID = 5A8231E7212C91CF001F22BB;
					};
				};
			};
			buildConfigurationList = 5A8231E3212C91CF001F22BB /* Build configuration list for PBXProject "Instagram" */;
			compatibilityVersion = "Xcode 9.3";
			developmentRegion = en;
			hasScannedForEncodings = 0;
			knownRegions = (
				en,
				Base,
			);
			mainGroup = 5A8231DF212C91CF001F22BB;
			productRefGroup = 5A8231E9212C91CF001F22BB /* Products */;
			projectDirPath = "";
			projectRoot = "";
			targets = (
				5A8231E7212C91CF001F22BB /* Instagram */,
				5A8231FB212C91D0001F22BB /* InstagramTests */,
				5A823206212C91D0001F22BB /* InstagramUITests */,
			);
		};
/* End PBXProject section */

/* Begin PBXResourcesBuildPhase section */
		5A8231E6212C91CF001F22BB /* Resources */ = {
			isa = PBXResourcesBuildPhase;
			buildActionMask = 2147483647;
			files = (
				5A8231F6212C91D0001F22BB /* LaunchScreen.storyboard in Resources */,
				5A8231F3212C91D0001F22BB /* Assets.xcassets in Resources */,
				5A8231F1212C91CF001F22BB /* Main.storyboard in Resources */,
			);
			runOnlyForDeploymentPostprocessing = 0;
		};
		5A8231FA212C91D0001F22BB /* Resources */ = {
			isa = PBXResourcesBuildPhase;
			buildActionMask = 2147483647;
			files = (
			);
			runOnlyForDeploymentPostprocessing = 0;
		};
		5A823205212C91D0001F22BB /* Resources */ = {
			isa = PBXResourcesBuildPhase;
			buildActionMask = 2147483647;
			files = (
			);
			runOnlyForDeploymentPostprocessing = 0;
		};
/* End PBXResourcesBuildPhase section */

/* Begin PBXShellScriptBuildPhase section */
		711695AA2A9D75CAC5407EC5 /* [CP] Check Pods Manifest.lock */ = {
			isa = PBXShellScriptBuildPhase;
			buildActionMask = 2147483647;
			files = (
			);
			inputPaths = (
				"${PODS_PODFILE_DIR_PATH}/Podfile.lock",
				"${PODS_ROOT}/Manifest.lock",
			);
			name = "[CP] Check Pods Manifest.lock";
			outputPaths = (
				"$(DERIVED_FILE_DIR)/Pods-Instagram-checkManifestLockResult.txt",
			);
			runOnlyForDeploymentPostprocessing = 0;
			shellPath = /bin/sh;
			shellScript = "diff \"${PODS_PODFILE_DIR_PATH}/Podfile.lock\" \"${PODS_ROOT}/Manifest.lock\" > /dev/null\nif [ $? != 0 ] ; then\n    # print error to STDERR\n    echo \"error: The sandbox is not in sync with the Podfile.lock. Run 'pod install' or update your CocoaPods installation.\" >&2\n    exit 1\nfi\n# This output is used by Xcode 'outputs' to avoid re-running this script phase.\necho \"SUCCESS\" > \"${SCRIPT_OUTPUT_FILE_0}\"\n";
			showEnvVarsInLog = 0;
		};
		AF4EBEBDCFECB3C9B6602E21 /* [CP] Check Pods Manifest.lock */ = {
			isa = PBXShellScriptBuildPhase;
			buildActionMask = 2147483647;
			files = (
			);
			inputPaths = (
				"${PODS_PODFILE_DIR_PATH}/Podfile.lock",
				"${PODS_ROOT}/Manifest.lock",
			);
			name = "[CP] Check Pods Manifest.lock";
			outputPaths = (
				"$(DERIVED_FILE_DIR)/Pods-InstagramUITests-checkManifestLockResult.txt",
			);
			runOnlyForDeploymentPostprocessing = 0;
			shellPath = /bin/sh;
			shellScript = "diff \"${PODS_PODFILE_DIR_PATH}/Podfile.lock\" \"${PODS_ROOT}/Manifest.lock\" > /dev/null\nif [ $? != 0 ] ; then\n    # print error to STDERR\n    echo \"error: The sandbox is not in sync with the Podfile.lock. Run 'pod install' or update your CocoaPods installation.\" >&2\n    exit 1\nfi\n# This output is used by Xcode 'outputs' to avoid re-running this script phase.\necho \"SUCCESS\" > \"${SCRIPT_OUTPUT_FILE_0}\"\n";
			showEnvVarsInLog = 0;
		};
		D3C00D7649B81BFC373A7383 /* [CP] Embed Pods Frameworks */ = {
			isa = PBXShellScriptBuildPhase;
			buildActionMask = 2147483647;
			files = (
			);
			inputFileListPaths = (
			);
			inputPaths = (
				"${SRCROOT}/Pods/Target Support Files/Pods-Instagram/Pods-Instagram-frameworks.sh",
				"${BUILT_PRODUCTS_DIR}/Bolts/Bolts.framework",
				"${BUILT_PRODUCTS_DIR}/Parse/Parse.framework",
			);
			name = "[CP] Embed Pods Frameworks";
			outputFileListPaths = (
			);
			outputPaths = (
				"${TARGET_BUILD_DIR}/${FRAMEWORKS_FOLDER_PATH}/Bolts.framework",
				"${TARGET_BUILD_DIR}/${FRAMEWORKS_FOLDER_PATH}/Parse.framework",
			);
			runOnlyForDeploymentPostprocessing = 0;
			shellPath = /bin/sh;
			shellScript = "\"${SRCROOT}/Pods/Target Support Files/Pods-Instagram/Pods-Instagram-frameworks.sh\"\n";
			showEnvVarsInLog = 0;
		};
		E2472D0E21BF9A7471F8D949 /* [CP] Check Pods Manifest.lock */ = {
			isa = PBXShellScriptBuildPhase;
			buildActionMask = 2147483647;
			files = (
			);
			inputPaths = (
				"${PODS_PODFILE_DIR_PATH}/Podfile.lock",
				"${PODS_ROOT}/Manifest.lock",
			);
			name = "[CP] Check Pods Manifest.lock";
			outputPaths = (
				"$(DERIVED_FILE_DIR)/Pods-InstagramTests-checkManifestLockResult.txt",
			);
			runOnlyForDeploymentPostprocessing = 0;
			shellPath = /bin/sh;
			shellScript = "diff \"${PODS_PODFILE_DIR_PATH}/Podfile.lock\" \"${PODS_ROOT}/Manifest.lock\" > /dev/null\nif [ $? != 0 ] ; then\n    # print error to STDERR\n    echo \"error: The sandbox is not in sync with the Podfile.lock. Run 'pod install' or update your CocoaPods installation.\" >&2\n    exit 1\nfi\n# This output is used by Xcode 'outputs' to avoid re-running this script phase.\necho \"SUCCESS\" > \"${SCRIPT_OUTPUT_FILE_0}\"\n";
			showEnvVarsInLog = 0;
		};
/* End PBXShellScriptBuildPhase section */

/* Begin PBXSourcesBuildPhase section */
		5A8231E4212C91CF001F22BB /* Sources */ = {
			isa = PBXSourcesBuildPhase;
			buildActionMask = 2147483647;
			files = (
				5A82321C212CED8D001F22BB /* LoginViewController.swift in Sources */,
				5A8231EE212C91CF001F22BB /* ViewController.swift in Sources */,
				5A8231EC212C91CF001F22BB /* AppDelegate.swift in Sources */,
			);
			runOnlyForDeploymentPostprocessing = 0;
		};
		5A8231F8212C91D0001F22BB /* Sources */ = {
			isa = PBXSourcesBuildPhase;
			buildActionMask = 2147483647;
			files = (
				5A823201212C91D0001F22BB /* InstagramTests.swift in Sources */,
			);
			runOnlyForDeploymentPostprocessing = 0;
		};
		5A823203212C91D0001F22BB /* Sources */ = {
			isa = PBXSourcesBuildPhase;
			buildActionMask = 2147483647;
			files = (
				5A82320C212C91D0001F22BB /* InstagramUITests.swift in Sources */,
			);
			runOnlyForDeploymentPostprocessing = 0;
		};
/* End PBXSourcesBuildPhase section */

/* Begin PBXTargetDependency section */
		5A8231FE212C91D0001F22BB /* PBXTargetDependency */ = {
			isa = PBXTargetDependency;
			target = 5A8231E7212C91CF001F22BB /* Instagram */;
			targetProxy = 5A8231FD212C91D0001F22BB /* PBXContainerItemProxy */;
		};
		5A823209212C91D0001F22BB /* PBXTargetDependency */ = {
			isa = PBXTargetDependency;
			target = 5A8231E7212C91CF001F22BB /* Instagram */;
			targetProxy = 5A823208212C91D0001F22BB /* PBXContainerItemProxy */;
		};
/* End PBXTargetDependency section */

/* Begin PBXVariantGroup section */
		5A8231EF212C91CF001F22BB /* Main.storyboard */ = {
			isa = PBXVariantGroup;
			children = (
				5A8231F0212C91CF001F22BB /* Base */,
			);
			name = Main.storyboard;
			sourceTree = "<group>";
		};
		5A8231F4212C91D0001F22BB /* LaunchScreen.storyboard */ = {
			isa = PBXVariantGroup;
			children = (
				5A8231F5212C91D0001F22BB /* Base */,
			);
			name = LaunchScreen.storyboard;
			sourceTree = "<group>";
		};
/* End PBXVariantGroup section */

/* Begin XCBuildConfiguration section */
		5A82320E212C91D0001F22BB /* Debug */ = {
			isa = XCBuildConfiguration;
			buildSettings = {
				ALWAYS_SEARCH_USER_PATHS = NO;
				CLANG_ANALYZER_NONNULL = YES;
				CLANG_ANALYZER_NUMBER_OBJECT_CONVERSION = YES_AGGRESSIVE;
				CLANG_CXX_LANGUAGE_STANDARD = "gnu++14";
				CLANG_CXX_LIBRARY = "libc++";
				CLANG_ENABLE_MODULES = YES;
				CLANG_ENABLE_OBJC_ARC = YES;
				CLANG_ENABLE_OBJC_WEAK = YES;
				CLANG_WARN_BLOCK_CAPTURE_AUTORELEASING = YES;
				CLANG_WARN_BOOL_CONVERSION = YES;
				CLANG_WARN_COMMA = YES;
				CLANG_WARN_CONSTANT_CONVERSION = YES;
				CLANG_WARN_DEPRECATED_OBJC_IMPLEMENTATIONS = YES;
				CLANG_WARN_DIRECT_OBJC_ISA_USAGE = YES_ERROR;
				CLANG_WARN_DOCUMENTATION_COMMENTS = YES;
				CLANG_WARN_EMPTY_BODY = YES;
				CLANG_WARN_ENUM_CONVERSION = YES;
				CLANG_WARN_INFINITE_RECURSION = YES;
				CLANG_WARN_INT_CONVERSION = YES;
				CLANG_WARN_NON_LITERAL_NULL_CONVERSION = YES;
				CLANG_WARN_OBJC_IMPLICIT_RETAIN_SELF = YES;
				CLANG_WARN_OBJC_LITERAL_CONVERSION = YES;
				CLANG_WARN_OBJC_ROOT_CLASS = YES_ERROR;
				CLANG_WARN_RANGE_LOOP_ANALYSIS = YES;
				CLANG_WARN_STRICT_PROTOTYPES = YES;
				CLANG_WARN_SUSPICIOUS_MOVE = YES;
				CLANG_WARN_UNGUARDED_AVAILABILITY = YES_AGGRESSIVE;
				CLANG_WARN_UNREACHABLE_CODE = YES;
				CLANG_WARN__DUPLICATE_METHOD_MATCH = YES;
				CODE_SIGN_IDENTITY = "iPhone Developer";
				COPY_PHASE_STRIP = NO;
				DEBUG_INFORMATION_FORMAT = dwarf;
				ENABLE_STRICT_OBJC_MSGSEND = YES;
				ENABLE_TESTABILITY = YES;
				GCC_C_LANGUAGE_STANDARD = gnu11;
				GCC_DYNAMIC_NO_PIC = NO;
				GCC_NO_COMMON_BLOCKS = YES;
				GCC_OPTIMIZATION_LEVEL = 0;
				GCC_PREPROCESSOR_DEFINITIONS = (
					"DEBUG=1",
					"$(inherited)",
				);
				GCC_WARN_64_TO_32_BIT_CONVERSION = YES;
				GCC_WARN_ABOUT_RETURN_TYPE = YES_ERROR;
				GCC_WARN_UNDECLARED_SELECTOR = YES;
				GCC_WARN_UNINITIALIZED_AUTOS = YES_AGGRESSIVE;
				GCC_WARN_UNUSED_FUNCTION = YES;
				GCC_WARN_UNUSED_VARIABLE = YES;
				IPHONEOS_DEPLOYMENT_TARGET = 11.4;
				MTL_ENABLE_DEBUG_INFO = YES;
				ONLY_ACTIVE_ARCH = YES;
				SDKROOT = iphoneos;
				SWIFT_ACTIVE_COMPILATION_CONDITIONS = DEBUG;
				SWIFT_OPTIMIZATION_LEVEL = "-Onone";
			};
			name = Debug;
		};
		5A82320F212C91D0001F22BB /* Release */ = {
			isa = XCBuildConfiguration;
			buildSettings = {
				ALWAYS_SEARCH_USER_PATHS = NO;
				CLANG_ANALYZER_NONNULL = YES;
				CLANG_ANALYZER_NUMBER_OBJECT_CONVERSION = YES_AGGRESSIVE;
				CLANG_CXX_LANGUAGE_STANDARD = "gnu++14";
				CLANG_CXX_LIBRARY = "libc++";
				CLANG_ENABLE_MODULES = YES;
				CLANG_ENABLE_OBJC_ARC = YES;
				CLANG_ENABLE_OBJC_WEAK = YES;
				CLANG_WARN_BLOCK_CAPTURE_AUTORELEASING = YES;
				CLANG_WARN_BOOL_CONVERSION = YES;
				CLANG_WARN_COMMA = YES;
				CLANG_WARN_CONSTANT_CONVERSION = YES;
				CLANG_WARN_DEPRECATED_OBJC_IMPLEMENTATIONS = YES;
				CLANG_WARN_DIRECT_OBJC_ISA_USAGE = YES_ERROR;
				CLANG_WARN_DOCUMENTATION_COMMENTS = YES;
				CLANG_WARN_EMPTY_BODY = YES;
				CLANG_WARN_ENUM_CONVERSION = YES;
				CLANG_WARN_INFINITE_RECURSION = YES;
				CLANG_WARN_INT_CONVERSION = YES;
				CLANG_WARN_NON_LITERAL_NULL_CONVERSION = YES;
				CLANG_WARN_OBJC_IMPLICIT_RETAIN_SELF = YES;
				CLANG_WARN_OBJC_LITERAL_CONVERSION = YES;
				CLANG_WARN_OBJC_ROOT_CLASS = YES_ERROR;
				CLANG_WARN_RANGE_LOOP_ANALYSIS = YES;
				CLANG_WARN_STRICT_PROTOTYPES = YES;
				CLANG_WARN_SUSPICIOUS_MOVE = YES;
				CLANG_WARN_UNGUARDED_AVAILABILITY = YES_AGGRESSIVE;
				CLANG_WARN_UNREACHABLE_CODE = YES;
				CLANG_WARN__DUPLICATE_METHOD_MATCH = YES;
				CODE_SIGN_IDENTITY = "iPhone Developer";
				COPY_PHASE_STRIP = NO;
				DEBUG_INFORMATION_FORMAT = "dwarf-with-dsym";
				ENABLE_NS_ASSERTIONS = NO;
				ENABLE_STRICT_OBJC_MSGSEND = YES;
				GCC_C_LANGUAGE_STANDARD = gnu11;
				GCC_NO_COMMON_BLOCKS = YES;
				GCC_WARN_64_TO_32_BIT_CONVERSION = YES;
				GCC_WARN_ABOUT_RETURN_TYPE = YES_ERROR;
				GCC_WARN_UNDECLARED_SELECTOR = YES;
				GCC_WARN_UNINITIALIZED_AUTOS = YES_AGGRESSIVE;
				GCC_WARN_UNUSED_FUNCTION = YES;
				GCC_WARN_UNUSED_VARIABLE = YES;
				IPHONEOS_DEPLOYMENT_TARGET = 11.4;
				MTL_ENABLE_DEBUG_INFO = NO;
				SDKROOT = iphoneos;
				SWIFT_COMPILATION_MODE = wholemodule;
				SWIFT_OPTIMIZATION_LEVEL = "-O";
				VALIDATE_PRODUCT = YES;
			};
			name = Release;
		};
		5A823211212C91D0001F22BB /* Debug */ = {
			isa = XCBuildConfiguration;
			baseConfigurationReference = 0C59C5818B3B6E47A9746CA7 /* Pods-Instagram.debug.xcconfig */;
			buildSettings = {
				ASSETCATALOG_COMPILER_APPICON_NAME = AppIcon;
				CODE_SIGN_STYLE = Automatic;
				INFOPLIST_FILE = Instagram/Info.plist;
				LD_RUNPATH_SEARCH_PATHS = (
					"$(inherited)",
					"@executable_path/Frameworks",
				);
				PRODUCT_BUNDLE_IDENTIFIER = test.Instagram;
				PRODUCT_NAME = "$(TARGET_NAME)";
				SWIFT_VERSION = 4.0;
				TARGETED_DEVICE_FAMILY = "1,2";
			};
			name = Debug;
		};
		5A823212212C91D0001F22BB /* Release */ = {
			isa = XCBuildConfiguration;
			baseConfigurationReference = 5B12684CA27A3FA8145C9005 /* Pods-Instagram.release.xcconfig */;
			buildSettings = {
				ASSETCATALOG_COMPILER_APPICON_NAME = AppIcon;
				CODE_SIGN_STYLE = Automatic;
				INFOPLIST_FILE = Instagram/Info.plist;
				LD_RUNPATH_SEARCH_PATHS = (
					"$(inherited)",
					"@executable_path/Frameworks",
				);
				PRODUCT_BUNDLE_IDENTIFIER = test.Instagram;
				PRODUCT_NAME = "$(TARGET_NAME)";
				SWIFT_VERSION = 4.0;
				TARGETED_DEVICE_FAMILY = "1,2";
			};
			name = Release;
		};
		5A823214212C91D0001F22BB /* Debug */ = {
			isa = XCBuildConfiguration;
			baseConfigurationReference = 02BDF638DDAAE5034ADA071F /* Pods-InstagramTests.debug.xcconfig */;
			buildSettings = {
				ALWAYS_EMBED_SWIFT_STANDARD_LIBRARIES = YES;
				BUNDLE_LOADER = "$(TEST_HOST)";
				CODE_SIGN_STYLE = Automatic;
				INFOPLIST_FILE = InstagramTests/Info.plist;
				LD_RUNPATH_SEARCH_PATHS = (
					"$(inherited)",
					"@executable_path/Frameworks",
					"@loader_path/Frameworks",
				);
				PRODUCT_BUNDLE_IDENTIFIER = test.InstagramTests;
				PRODUCT_NAME = "$(TARGET_NAME)";
				SWIFT_VERSION = 4.0;
				TARGETED_DEVICE_FAMILY = "1,2";
				TEST_HOST = "$(BUILT_PRODUCTS_DIR)/Instagram.app/Instagram";
			};
			name = Debug;
		};
		5A823215212C91D0001F22BB /* Release */ = {
			isa = XCBuildConfiguration;
			baseConfigurationReference = A1AD4AE558AE93810CC1D417 /* Pods-InstagramTests.release.xcconfig */;
			buildSettings = {
				ALWAYS_EMBED_SWIFT_STANDARD_LIBRARIES = YES;
				BUNDLE_LOADER = "$(TEST_HOST)";
				CODE_SIGN_STYLE = Automatic;
				INFOPLIST_FILE = InstagramTests/Info.plist;
				LD_RUNPATH_SEARCH_PATHS = (
					"$(inherited)",
					"@executable_path/Frameworks",
					"@loader_path/Frameworks",
				);
				PRODUCT_BUNDLE_IDENTIFIER = test.InstagramTests;
				PRODUCT_NAME = "$(TARGET_NAME)";
				SWIFT_VERSION = 4.0;
				TARGETED_DEVICE_FAMILY = "1,2";
				TEST_HOST = "$(BUILT_PRODUCTS_DIR)/Instagram.app/Instagram";
			};
			name = Release;
		};
		5A823217212C91D0001F22BB /* Debug */ = {
			isa = XCBuildConfiguration;
			baseConfigurationReference = A6E59025B67F28EBA3B86F6F /* Pods-InstagramUITests.debug.xcconfig */;
			buildSettings = {
				ALWAYS_EMBED_SWIFT_STANDARD_LIBRARIES = YES;
				CODE_SIGN_STYLE = Automatic;
				INFOPLIST_FILE = InstagramUITests/Info.plist;
				LD_RUNPATH_SEARCH_PATHS = (
					"$(inherited)",
					"@executable_path/Frameworks",
					"@loader_path/Frameworks",
				);
				PRODUCT_BUNDLE_IDENTIFIER = test.InstagramUITests;
				PRODUCT_NAME = "$(TARGET_NAME)";
				SWIFT_VERSION = 4.0;
				TARGETED_DEVICE_FAMILY = "1,2";
				TEST_TARGET_NAME = Instagram;
			};
			name = Debug;
		};
		5A823218212C91D0001F22BB /* Release */ = {
			isa = XCBuildConfiguration;
			baseConfigurationReference = 6FC95E1AEC5C0CA791366EDD /* Pods-InstagramUITests.release.xcconfig */;
			buildSettings = {
				ALWAYS_EMBED_SWIFT_STANDARD_LIBRARIES = YES;
				CODE_SIGN_STYLE = Automatic;
				INFOPLIST_FILE = InstagramUITests/Info.plist;
				LD_RUNPATH_SEARCH_PATHS = (
					"$(inherited)",
					"@executable_path/Frameworks",
					"@loader_path/Frameworks",
				);
				PRODUCT_BUNDLE_IDENTIFIER = test.InstagramUITests;
				PRODUCT_NAME = "$(TARGET_NAME)";
				SWIFT_VERSION = 4.0;
				TARGETED_DEVICE_FAMILY = "1,2";
				TEST_TARGET_NAME = Instagram;
			};
			name = Release;
		};
/* End XCBuildConfiguration section */

/* Begin XCConfigurationList section */
		5A8231E3212C91CF001F22BB /* Build configuration list for PBXProject "Instagram" */ = {
			isa = XCConfigurationList;
			buildConfigurations = (
				5A82320E212C91D0001F22BB /* Debug */,
				5A82320F212C91D0001F22BB /* Release */,
			);
			defaultConfigurationIsVisible = 0;
			defaultConfigurationName = Release;
		};
		5A823210212C91D0001F22BB /* Build configuration list for PBXNativeTarget "Instagram" */ = {
			isa = XCConfigurationList;
			buildConfigurations = (
				5A823211212C91D0001F22BB /* Debug */,
				5A823212212C91D0001F22BB /* Release */,
			);
			defaultConfigurationIsVisible = 0;
			defaultConfigurationName = Release;
		};
		5A823213212C91D0001F22BB /* Build configuration list for PBXNativeTarget "InstagramTests" */ = {
			isa = XCConfigurationList;
			buildConfigurations = (
				5A823214212C91D0001F22BB /* Debug */,
				5A823215212C91D0001F22BB /* Release */,
			);
			defaultConfigurationIsVisible = 0;
			defaultConfigurationName = Release;
		};
		5A823216212C91D0001F22BB /* Build configuration list for PBXNativeTarget "InstagramUITests" */ = {
			isa = XCConfigurationList;
			buildConfigurations = (
				5A823217212C91D0001F22BB /* Debug */,
				5A823218212C91D0001F22BB /* Release */,
			);
			defaultConfigurationIsVisible = 0;
			defaultConfigurationName = Release;
		};
/* End XCConfigurationList section */
	};
	rootObject = 5A8231E0212C91CF001F22BB /* Project object */;
}
